<?xml version="1.0" encoding="utf-8"?>
<Project ToolsVersion="4.0" xmlns="http://schemas.microsoft.com/developer/msbuild/2003">
  <ItemGroup>
    <Filter Include="Исходные файлы">
      <UniqueIdentifier>{4FC737F1-C7A5-4376-A066-2A32D752A2FF}</UniqueIdentifier>
      <Extensions>cpp;c;cc;cxx;c++;cppm;ixx;def;odl;idl;hpj;bat;asm;asmx</Extensions>
    </Filter>
    <Filter Include="Файлы заголовков">
      <UniqueIdentifier>{93995380-89BD-4b04-88EB-625FBE52EBFB}</UniqueIdentifier>
      <Extensions>h;hh;hpp;hxx;h++;hm;inl;inc;ipp;xsd</Extensions>
    </Filter>
    <Filter Include="Файлы ресурсов">
      <UniqueIdentifier>{67DA6AB6-F800-4c08-8B7A-83BB121AAD01}</UniqueIdentifier>
      <Extensions>rc;ico;cur;bmp;dlg;rc2;rct;bin;rgs;gif;jpg;jpeg;jpe;resx;tiff;tif;png;wav;mfcribbon-ms</Extensions>
    </Filter>
  </ItemGroup>
  <ItemGroup>
    <ClCompile Include="main\main.cc">
      <Filter>Исходные файлы</Filter>
    </ClCompile>
    <ClCompile Include="deps\imgui\imgui.cpp">
      <Filter>Исходные файлы</Filter>
    </ClCompile>
    <ClCompile Include="deps\imgui\imgui_draw.cpp">
      <Filter>Исходные файлы</Filter>
    </ClCompile>
    <ClCompile Include="deps\imgui\imgui_impl_dx11.cpp">
      <Filter>Исходные файлы</Filter>
    </ClCompile>
    <ClCompile Include="deps\imgui\imgui_impl_win32.cpp">
      <Filter>Исходные файлы</Filter>
    </ClCompile>
    <ClCompile Include="deps\imgui\imgui_tables.cpp">
      <Filter>Исходные файлы</Filter>
    </ClCompile>
    <ClCompile Include="deps\imgui\imgui_widgets.cpp">
      <Filter>Исходные файлы</Filter>
    </ClCompile>
    <ClCompile Include="ui\render\overlay\overlay.cc">
      <Filter>Исходные файлы</Filter>
    </ClCompile>
    <ClCompile Include="ui\render\screen\screen.cc">
      <Filter>Исходные файлы</Filter>
    </ClCompile>
    <ClCompile Include="ui\render\window\window.cc">
      <Filter>Исходные файлы</Filter>
    </ClCompile>
    <ClCompile Include="ui\render\device\device.cc">
      <Filter>Исходные файлы</Filter>
    </ClCompile>
    <ClCompile Include="ui\views\default\defscreen.cc">
      <Filter>Исходные файлы</Filter>
    </ClCompile>
    <ClCompile Include="ui\render\fonts\fonts.cc">
      <Filter>Исходные файлы</Filter>
    </ClCompile>
    <ClCompile Include="ui\render\images\images.cc">
      <Filter>Исходные файлы</Filter>
    </ClCompile>
    <ClCompile Include="deps\network\request\request.cc">
      <Filter>Исходные файлы</Filter>
    </ClCompile>
  </ItemGroup>
  <ItemGroup>
    <ClInclude Include="main\stdafx.hpp">
      <Filter>Файлы заголовков</Filter>
    </ClInclude>
    <ClInclude Include="deps\imgui\imconfig.h">
      <Filter>Файлы заголовков</Filter>
    </ClInclude>
    <ClInclude Include="deps\imgui\imgui.h">
      <Filter>Файлы заголовков</Filter>
    </ClInclude>
    <ClInclude Include="deps\imgui\imgui_impl_dx11.h">
      <Filter>Файлы заголовков</Filter>
    </ClInclude>
    <ClInclude Include="deps\imgui\imgui_impl_win32.h">
      <Filter>Файлы заголовков</Filter>
    </ClInclude>
    <ClInclude Include="deps\imgui\imgui_internal.h">
      <Filter>Файлы заголовков</Filter>
    </ClInclude>
    <ClInclude Include="deps\imgui\imstb_rectpack.h">
      <Filter>Файлы заголовков</Filter>
    </ClInclude>
    <ClInclude Include="deps\imgui\imstb_textedit.h">
      <Filter>Файлы заголовков</Filter>
    </ClInclude>
    <ClInclude Include="deps\imgui\imstb_truetype.h">
      <Filter>Файлы заголовков</Filter>
    </ClInclude>
    <ClInclude Include="ui\render\overlay\overlay.hpp">
      <Filter>Файлы заголовков</Filter>
    </ClInclude>
    <ClInclude Include="ui\render\screen\screen.hpp">
      <Filter>Файлы заголовков</Filter>
    </ClInclude>
    <ClInclude Include="ui\render\window\window.hpp">
      <Filter>Файлы заголовков</Filter>
    </ClInclude>
    <ClInclude Include="ui\render\device\device.hpp">
      <Filter>Файлы заголовков</Filter>
    </ClInclude>
    <ClInclude Include="ui\views\default\defscreen.hpp">
      <Filter>Файлы заголовков</Filter>
    </ClInclude>
    <ClInclude Include="ui\render\fonts\fonts.hpp">
      <Filter>Файлы заголовков</Filter>
    </ClInclude>
    <ClInclude Include="deps\stb\stb_image.hpp">
      <Filter>Файлы заголовков</Filter>
    </ClInclude>
    <ClInclude Include="ui\render\images\images.hpp">
      <Filter>Файлы заголовков</Filter>
    </ClInclude>
    <ClInclude Include="deps\network\curl\curl.h">
      <Filter>Файлы заголовков</Filter>
    </ClInclude>
    <ClInclude Include="deps\network\curl\curlver.h">
      <Filter>Файлы заголовков</Filter>
    </ClInclude>
    <ClInclude Include="deps\network\curl\easy.h">
      <Filter>Файлы заголовков</Filter>
    </ClInclude>
    <ClInclude Include="deps\network\curl\header.h">
      <Filter>Файлы заголовков</Filter>
    </ClInclude>
    <ClInclude Include="deps\network\curl\mprintf.h">
      <Filter>Файлы заголовков</Filter>
    </ClInclude>
    <ClInclude Include="deps\network\curl\multi.h">
      <Filter>Файлы заголовков</Filter>
    </ClInclude>
    <ClInclude Include="deps\network\curl\options.h">
      <Filter>Файлы заголовков</Filter>
    </ClInclude>
    <ClInclude Include="deps\network\curl\stdcheaders.h">
      <Filter>Файлы заголовков</Filter>
    </ClInclude>
    <ClInclude Include="deps\network\curl\system.h">
      <Filter>Файлы заголовков</Filter>
    </ClInclude>
    <ClInclude Include="deps\network\curl\typecheck-gcc.h">
      <Filter>Файлы заголовков</Filter>
    </ClInclude>
    <ClInclude Include="deps\network\curl\urlapi.h">
      <Filter>Файлы заголовков</Filter>
    </ClInclude>
    <ClInclude Include="deps\network\request\request.hpp">
      <Filter>Файлы заголовков</Filter>
    </ClInclude>
    <ClInclude Include="GuYDH.h">
      <Filter>Файлы заголовков</Filter>
    </ClInclude>
  </ItemGroup>
</Project>